
Microsoft Visual Studio Solution File, Format Version 12.00
# Visual Studio Version 16
VisualStudioVersion = 16.0.29728.190
MinimumVisualStudioVersion = 10.0.40219.1
Project("{FAE04EC0-301F-11D3-BF4B-00C04F79EFBC}") = "T1TL2", "T1TL2\T1TL2.csproj", "{19CD7AA1-D928-429D-B4C1-765191BD3C9B}"
EndProject
Global
	GlobalSection(SolutionConfigurationPlatforms) = preSolution
		Debug|Any CPU = Debug|Any CPU
		Release|Any CPU = Release|Any CPU
	EndGlobalSection
	GlobalSection(ProjectConfigurationPlatforms) = postSolution
		{19CD7AA1-D928-429D-B4C1-765191BD3C9B}.Debug|Any CPU.ActiveCfg = Debug|Any CPU
		{19CD7AA1-D928-429D-B4C1-765191BD3C9B}.Debug|Any CPU.Build.0 = Debug|Any CPU
		{19CD7AA1-D928-429D-B4C1-765191BD3C9B}.Release|Any CPU.ActiveCfg = Release|Any CPU
		{19CD7AA1-D928-429D-B4C1-765191BD3C9B}.Release|Any CPU.Build.0 = Release|Any CPU
	EndGlobalSection
	GlobalSection(SolutionProperties) = preSolution
		HideSolutionNode = FALSE
	EndGlobalSection
	GlobalSection(ExtensibilityGlobals) = postSolution
		SolutionGuid = {093001C0-5003-4E54-B547-058CACD3CD56}
	EndGlobalSection
EndGlobal
